
Microsoft Visual Studio Solution File, Format Version 12.00
# Visual Studio Version 16
VisualStudioVersion = 16.0.32413.511
MinimumVisualStudioVersion = 10.0.40219.1
Project("{FAE04EC0-301F-11D3-BF4B-00C04F79EFBC}") = "PersistenceTask", "PersistenceTask\PersistenceTask.csproj", "{7BD1B075-DC72-48A1-A10B-0E13566CA24F}"
EndProject
Global
	GlobalSection(SolutionConfigurationPlatforms) = preSolution
		Debug|Any CPU = Debug|Any CPU
		Release|Any CPU = Release|Any CPU
	EndGlobalSection
	GlobalSection(ProjectConfigurationPlatforms) = postSolution
		{7BD1B075-DC72-48A1-A10B-0E13566CA24F}.Debug|Any CPU.ActiveCfg = Debug|Any CPU
		{7BD1B075-DC72-48A1-A10B-0E13566CA24F}.Debug|Any CPU.Build.0 = Debug|Any CPU
		{7BD1B075-DC72-48A1-A10B-0E13566CA24F}.Release|Any CPU.ActiveCfg = Release|Any CPU
		{7BD1B075-DC72-48A1-A10B-0E13566CA24F}.Release|Any CPU.Build.0 = Release|Any CPU
	EndGlobalSection
	GlobalSection(SolutionProperties) = preSolution
		HideSolutionNode = FALSE
	EndGlobalSection
	GlobalSection(ExtensibilityGlobals) = postSolution
		SolutionGuid = {1BEB414E-1076-48F0-9A24-BD2B9C2A7885}
	EndGlobalSection
EndGlobal
